// !$*UTF8*$!
{
	archiveVersion = 1;
	classes = {
	};
	objectVersion = 46;
	objects = {

/* Begin PBXBuildFile section */
		BC4021FC1AA6E5BC00FCDDA6 /* main.m in Sources */ = {isa = PBXBuildFile; fileRef = BC4021FB1AA6E5BC00FCDDA6 /* main.m */; };
		BC4021FF1AA6E5BC00FCDDA6 /* AppDelegate.m in Sources */ = {isa = PBXBuildFile; fileRef = BC4021FE1AA6E5BC00FCDDA6 /* AppDelegate.m */; };
		BC4022021AA6E5BC00FCDDA6 /* ViewController.m in Sources */ = {isa = PBXBuildFile; fileRef = BC4022011AA6E5BC00FCDDA6 /* ViewController.m */; };
		BC4022051AA6E5BC00FCDDA6 /* Main.storyboard in Resources */ = {isa = PBXBuildFile; fileRef = BC4022031AA6E5BC00FCDDA6 /* Main.storyboard */; };
		BC4022071AA6E5BC00FCDDA6 /* Images.xcassets in Resources */ = {isa = PBXBuildFile; fileRef = BC4022061AA6E5BC00FCDDA6 /* Images.xcassets */; };
		BC40220A1AA6E5BC00FCDDA6 /* LaunchScreen.xib in Resources */ = {isa = PBXBuildFile; fileRef = BC4022081AA6E5BC00FCDDA6 /* LaunchScreen.xib */; };
		BC4022161AA6E5BC00FCDDA6 /* _2___kvc__kvo_____Tests.m in Sources */ = {isa = PBXBuildFile; fileRef = BC4022151AA6E5BC00FCDDA6 /* _2___kvc__kvo_____Tests.m */; };
/* End PBXBuildFile section */

/* Begin PBXContainerItemProxy section */
		BC4022101AA6E5BC00FCDDA6 /* PBXContainerItemProxy */ = {
			isa = PBXContainerItemProxy;
			containerPortal = BC4021EE1AA6E5BB00FCDDA6 /* Project object */;
			proxyType = 1;
			remoteGlobalIDString = BC4021F51AA6E5BC00FCDDA6;
			remoteInfo = "02 --kvc--kvo 设计模式";
		};
/* End PBXContainerItemProxy section */

/* Begin PBXFileReference section */
		BC4021F61AA6E5BC00FCDDA6 /* 02 --kvc--kvo 设计模式.app */ = {isa = PBXFileReference; explicitFileType = wrapper.application; includeInIndex = 0; path = "02 --kvc--kvo 设计模式.app"; sourceTree = BUILT_PRODUCTS_DIR; };
		BC4021FA1AA6E5BC00FCDDA6 /* Info.plist */ = {isa = PBXFileReference; lastKnownFileType = text.plist.xml; path = Info.plist; sourceTree = "<group>"; };
		BC4021FB1AA6E5BC00FCDDA6 /* main.m */ = {isa = PBXFileReference; lastKnownFileType = sourcecode.c.objc; path = main.m; sourceTree = "<group>"; };
		BC4021FD1AA6E5BC00FCDDA6 /* AppDelegate.h */ = {isa = PBXFileReference; lastKnownFileType = sourcecode.c.h; path = AppDelegate.h; sourceTree = "<group>"; };
		BC4021FE1AA6E5BC00FCDDA6 /* AppDelegate.m */ = {isa = PBXFileReference; lastKnownFileType = sourcecode.c.objc; path = AppDelegate.m; sourceTree = "<group>"; };
		BC4022001AA6E5BC00FCDDA6 /* ViewController.h */ = {isa = PBXFileReference; lastKnownFileType = sourcecode.c.h; path = ViewController.h; sourceTree = "<group>"; };
		BC4022011AA6E5BC00FCDDA6 /* ViewController.m */ = {isa = PBXFileReference; lastKnownFileType = sourcecode.c.objc; path = ViewController.m; sourceTree = "<group>"; };
		BC4022041AA6E5BC00FCDDA6 /* Base */ = {isa = PBXFileReference; lastKnownFileType = file.storyboard; name = Base; path = Base.lproj/Main.storyboard; sourceTree = "<group>"; };
		BC4022061AA6E5BC00FCDDA6 /* Images.xcassets */ = {isa = PBXFileReference; lastKnownFileType = folder.assetcatalog; path = Images.xcassets; sourceTree = "<group>"; };
		BC4022091AA6E5BC00FCDDA6 /* Base */ = {isa = PBXFileReference; lastKnownFileType = file.xib; name = Base; path = Base.lproj/LaunchScreen.xib; sourceTree = "<group>"; };
		BC40220F1AA6E5BC00FCDDA6 /* 02 --kvc--kvo 设计模式Tests.xctest */ = {isa = PBXFileReference; explicitFileType = wrapper.cfbundle; includeInIndex = 0; path = "02 --kvc--kvo 设计模式Tests.xctest"; sourceTree = BUILT_PRODUCTS_DIR; };
		BC4022141AA6E5BC00FCDDA6 /* Info.plist */ = {isa = PBXFileReference; lastKnownFileType = text.plist.xml; path = Info.plist; sourceTree = "<group>"; };
		BC4022151AA6E5BC00FCDDA6 /* _2___kvc__kvo_____Tests.m */ = {isa = PBXFileReference; lastKnownFileType = sourcecode.c.objc; path = "_2___kvc__kvo_____Tests.m"; sourceTree = "<group>"; };
/* End PBXFileReference section */

/* Begin PBXFrameworksBuildPhase section */
		BC4021F31AA6E5BC00FCDDA6 /* Frameworks */ = {
			isa = PBXFrameworksBuildPhase;
			buildActionMask = 2147483647;
			files = (
			);
			runOnlyForDeploymentPostprocessing = 0;
		};
		BC40220C1AA6E5BC00FCDDA6 /* Frameworks */ = {
			isa = PBXFrameworksBuildPhase;
			buildActionMask = 2147483647;
			files = (
			);
			runOnlyForDeploymentPostprocessing = 0;
		};
/* End PBXFrameworksBuildPhase section */

/* Begin PBXGroup section */
		BC4021ED1AA6E5BB00FCDDA6 = {
			isa = PBXGroup;
			children = (
				BC4021F81AA6E5BC00FCDDA6 /* 02 --kvc--kvo 设计模式 */,
				BC4022121AA6E5BC00FCDDA6 /* 02 --kvc--kvo 设计模式Tests */,
				BC4021F71AA6E5BC00FCDDA6 /* Products */,
			);
			sourceTree = "<group>";
		};
		BC4021F71AA6E5BC00FCDDA6 /* Products */ = {
			isa = PBXGroup;
			children = (
				BC4021F61AA6E5BC00FCDDA6 /* 02 --kvc--kvo 设计模式.app */,
				BC40220F1AA6E5BC00FCDDA6 /* 02 --kvc--kvo 设计模式Tests.xctest */,
			);
			name = Products;
			sourceTree = "<group>";
		};
		BC4021F81AA6E5BC00FCDDA6 /* 02 --kvc--kvo 设计模式 */ = {
			isa = PBXGroup;
			children = (
				BC4021FD1AA6E5BC00FCDDA6 /* AppDelegate.h */,
				BC4021FE1AA6E5BC00FCDDA6 /* AppDelegate.m */,
				BC4022001AA6E5BC00FCDDA6 /* ViewController.h */,
				BC4022011AA6E5BC00FCDDA6 /* ViewController.m */,
				BC4022031AA6E5BC00FCDDA6 /* Main.storyboard */,
				BC4022061AA6E5BC00FCDDA6 /* Images.xcassets */,
				BC4022081AA6E5BC00FCDDA6 /* LaunchScreen.xib */,
				BC4021F91AA6E5BC00FCDDA6 /* Supporting Files */,
			);
			path = "02 --kvc--kvo 设计模式";
			sourceTree = "<group>";
		};
		BC4021F91AA6E5BC00FCDDA6 /* Supporting Files */ = {
			isa = PBXGroup;
			children = (
				BC4021FA1AA6E5BC00FCDDA6 /* Info.plist */,
				BC4021FB1AA6E5BC00FCDDA6 /* main.m */,
			);
			name = "Supporting Files";
			sourceTree = "<group>";
		};
		BC4022121AA6E5BC00FCDDA6 /* 02 --kvc--kvo 设计模式Tests */ = {
			isa = PBXGroup;
			children = (
				BC4022151AA6E5BC00FCDDA6 /* _2___kvc__kvo_____Tests.m */,
				BC4022131AA6E5BC00FCDDA6 /* Supporting Files */,
			);
			path = "02 --kvc--kvo 设计模式Tests";
			sourceTree = "<group>";
		};
		BC4022131AA6E5BC00FCDDA6 /* Supporting Files */ = {
			isa = PBXGroup;
			children = (
				BC4022141AA6E5BC00FCDDA6 /* Info.plist */,
			);
			name = "Supporting Files";
			sourceTree = "<group>";
		};
/* End PBXGroup section */

/* Begin PBXNativeTarget section */
		BC4021F51AA6E5BC00FCDDA6 /* 02 --kvc--kvo 设计模式 */ = {
			isa = PBXNativeTarget;
			buildConfigurationList = BC4022191AA6E5BC00FCDDA6 /* Build configuration list for PBXNativeTarget "02 --kvc--kvo 设计模式" */;
			buildPhases = (
				BC4021F21AA6E5BC00FCDDA6 /* Sources */,
				BC4021F31AA6E5BC00FCDDA6 /* Frameworks */,
				BC4021F41AA6E5BC00FCDDA6 /* Resources */,
			);
			buildRules = (
			);
			dependencies = (
			);
			name = "02 --kvc--kvo 设计模式";
			productName = "02 --kvc--kvo 设计模式";
			productReference = BC4021F61AA6E5BC00FCDDA6 /* 02 --kvc--kvo 设计模式.app */;
			productType = "com.apple.product-type.application";
		};
		BC40220E1AA6E5BC00FCDDA6 /* 02 --kvc--kvo 设计模式Tests */ = {
			isa = PBXNativeTarget;
			buildConfigurationList = BC40221C1AA6E5BC00FCDDA6 /* Build configuration list for PBXNativeTarget "02 --kvc--kvo 设计模式Tests" */;
			buildPhases = (
				BC40220B1AA6E5BC00FCDDA6 /* Sources */,
				BC40220C1AA6E5BC00FCDDA6 /* Frameworks */,
				BC40220D1AA6E5BC00FCDDA6 /* Resources */,
			);
			buildRules = (
			);
			dependencies = (
				BC4022111AA6E5BC00FCDDA6 /* PBXTargetDependency */,
			);
			name = "02 --kvc--kvo 设计模式Tests";
			productName = "02 --kvc--kvo 设计模式Tests";
			productReference = BC40220F1AA6E5BC00FCDDA6 /* 02 --kvc--kvo 设计模式Tests.xctest */;
			productType = "com.apple.product-type.bundle.unit-test";
		};
/* End PBXNativeTarget section */

/* Begin PBXProject section */
		BC4021EE1AA6E5BB00FCDDA6 /* Project object */ = {
			isa = PBXProject;
			attributes = {
				LastUpgradeCheck = 0610;
				ORGANIZATIONNAME = "侯钦哲";
				TargetAttributes = {
					BC4021F51AA6E5BC00FCDDA6 = {
						CreatedOnToolsVersion = 6.1.1;
					};
					BC40220E1AA6E5BC00FCDDA6 = {
						CreatedOnToolsVersion = 6.1.1;
						TestTargetID = BC4021F51AA6E5BC00FCDDA6;
					};
				};
			};
			buildConfigurationList = BC4021F11AA6E5BB00FCDDA6 /* Build configuration list for PBXProject "02 --kvc--kvo 设计模式" */;
			compatibilityVersion = "Xcode 3.2";
			developmentRegion = English;
			hasScannedForEncodings = 0;
			knownRegions = (
				en,
				Base,
			);
			mainGroup = BC4021ED1AA6E5BB00FCDDA6;
			productRefGroup = BC4021F71AA6E5BC00FCDDA6 /* Products */;
			projectDirPath = "";
			projectRoot = "";
			targets = (
				BC4021F51AA6E5BC00FCDDA6 /* 02 --kvc--kvo 设计模式 */,
				BC40220E1AA6E5BC00FCDDA6 /* 02 --kvc--kvo 设计模式Tests */,
			);
		};
/* End PBXProject section */

/* Begin PBXResourcesBuildPhase section */
		BC4021F41AA6E5BC00FCDDA6 /* Resources */ = {
			isa = PBXResourcesBuildPhase;
			buildActionMask = 2147483647;
			files = (
				BC4022051AA6E5BC00FCDDA6 /* Main.storyboard in Resources */,
				BC40220A1AA6E5BC00FCDDA6 /* LaunchScreen.xib in Resources */,
				BC4022071AA6E5BC00FCDDA6 /* Images.xcassets in Resources */,
			);
			runOnlyForDeploymentPostprocessing = 0;
		};
		BC40220D1AA6E5BC00FCDDA6 /* Resources */ = {
			isa = PBXResourcesBuildPhase;
			buildActionMask = 2147483647;
			files = (
			);
			runOnlyForDeploymentPostprocessing = 0;
		};
/* End PBXResourcesBuildPhase section */

/* Begin PBXSourcesBuildPhase section */
		BC4021F21AA6E5BC00FCDDA6 /* Sources */ = {
			isa = PBXSourcesBuildPhase;
			buildActionMask = 2147483647;
			files = (
				BC4022021AA6E5BC00FCDDA6 /* ViewController.m in Sources */,
				BC4021FF1AA6E5BC00FCDDA6 /* AppDelegate.m in Sources */,
				BC4021FC1AA6E5BC00FCDDA6 /* main.m in Sources */,
			);
			runOnlyForDeploymentPostprocessing = 0;
		};
		BC40220B1AA6E5BC00FCDDA6 /* Sources */ = {
			isa = PBXSourcesBuildPhase;
			buildActionMask = 2147483647;
			files = (
				BC4022161AA6E5BC00FCDDA6 /* _2___kvc__kvo_____Tests.m in Sources */,
			);
			runOnlyForDeploymentPostprocessing = 0;
		};
/* End PBXSourcesBuildPhase section */

/* Begin PBXTargetDependency section */
		BC4022111AA6E5BC00FCDDA6 /* PBXTargetDependency */ = {
			isa = PBXTargetDependency;
			target = BC4021F51AA6E5BC00FCDDA6 /* 02 --kvc--kvo 设计模式 */;
			targetProxy = BC4022101AA6E5BC00FCDDA6 /* PBXContainerItemProxy */;
		};
/* End PBXTargetDependency section */

/* Begin PBXVariantGroup section */
		BC4022031AA6E5BC00FCDDA6 /* Main.storyboard */ = {
			isa = PBXVariantGroup;
			children = (
				BC4022041AA6E5BC00FCDDA6 /* Base */,
			);
			name = Main.storyboard;
			sourceTree = "<group>";
		};
		BC4022081AA6E5BC00FCDDA6 /* LaunchScreen.xib */ = {
			isa = PBXVariantGroup;
			children = (
				BC4022091AA6E5BC00FCDDA6 /* Base */,
			);
			name = LaunchScreen.xib;
			sourceTree = "<group>";
		};
/* End PBXVariantGroup section */

/* Begin XCBuildConfiguration section */
		BC4022171AA6E5BC00FCDDA6 /* Debug */ = {
			isa = XCBuildConfiguration;
			buildSettings = {
				ALWAYS_SEARCH_USER_PATHS = NO;
				CLANG_CXX_LANGUAGE_STANDARD = "gnu++0x";
				CLANG_CXX_LIBRARY = "libc++";
				CLANG_ENABLE_MODULES = YES;
				CLANG_ENABLE_OBJC_ARC = YES;
				CLANG_WARN_BOOL_CONVERSION = YES;
				CLANG_WARN_CONSTANT_CONVERSION = YES;
				CLANG_WARN_DIRECT_OBJC_ISA_USAGE = YES_ERROR;
				CLANG_WARN_EMPTY_BODY = YES;
				CLANG_WARN_ENUM_CONVERSION = YES;
				CLANG_WARN_INT_CONVERSION = YES;
				CLANG_WARN_OBJC_ROOT_CLASS = YES_ERROR;
				CLANG_WARN_UNREACHABLE_CODE = YES;
				CLANG_WARN__DUPLICATE_METHOD_MATCH = YES;
				"CODE_SIGN_IDENTITY[sdk=iphoneos*]" = "iPhone Developer";
				COPY_PHASE_STRIP = NO;
				ENABLE_STRICT_OBJC_MSGSEND = YES;
				GCC_C_LANGUAGE_STANDARD = gnu99;
				GCC_DYNAMIC_NO_PIC = NO;
				GCC_OPTIMIZATION_LEVEL = 0;
				GCC_PREPROCESSOR_DEFINITIONS = (
					"DEBUG=1",
					"$(inherited)",
				);
				GCC_SYMBOLS_PRIVATE_EXTERN = NO;
				GCC_WARN_64_TO_32_BIT_CONVERSION = YES;
				GCC_WARN_ABOUT_RETURN_TYPE = YES_ERROR;
				GCC_WARN_UNDECLARED_SELECTOR = YES;
				GCC_WARN_UNINITIALIZED_AUTOS = YES_AGGRESSIVE;
				GCC_WARN_UNUSED_FUNCTION = YES;
				GCC_WARN_UNUSED_VARIABLE = YES;
				IPHONEOS_DEPLOYMENT_TARGET = 8.1;
				MTL_ENABLE_DEBUG_INFO = YES;
				ONLY_ACTIVE_ARCH = YES;
				SDKROOT = iphoneos;
			};
			name = Debug;
		};
		BC4022181AA6E5BC00FCDDA6 /* Release */ = {
			isa = XCBuildConfiguration;
			buildSettings = {
				ALWAYS_SEARCH_USER_PATHS = NO;
				CLANG_CXX_LANGUAGE_STANDARD = "gnu++0x";
				CLANG_CXX_LIBRARY = "libc++";
				CLANG_ENABLE_MODULES = YES;
				CLANG_ENABLE_OBJC_ARC = YES;
				CLANG_WARN_BOOL_CONVERSION = YES;
				CLANG_WARN_CONSTANT_CONVERSION = YES;
				CLANG_WARN_DIRECT_OBJC_ISA_USAGE = YES_ERROR;
				CLANG_WARN_EMPTY_BODY = YES;
				CLANG_WARN_ENUM_CONVERSION = YES;
				CLANG_WARN_INT_CONVERSION = YES;
				CLANG_WARN_OBJC_ROOT_CLASS = YES_ERROR;
				CLANG_WARN_UNREACHABLE_CODE = YES;
				CLANG_WARN__DUPLICATE_METHOD_MATCH = YES;
				"CODE_SIGN_IDENTITY[sdk=iphoneos*]" = "iPhone Developer";
				COPY_PHASE_STRIP = YES;
				ENABLE_NS_ASSERTIONS = NO;
				ENABLE_STRICT_OBJC_MSGSEND = YES;
				GCC_C_LANGUAGE_STANDARD = gnu99;
				GCC_WARN_64_TO_32_BIT_CONVERSION = YES;
				GCC_WARN_ABOUT_RETURN_TYPE = YES_ERROR;
				GCC_WARN_UNDECLARED_SELECTOR = YES;
				GCC_WARN_UNINITIALIZED_AUTOS = YES_AGGRESSIVE;
				GCC_WARN_UNUSED_FUNCTION = YES;
				GCC_WARN_UNUSED_VARIABLE = YES;
				IPHONEOS_DEPLOYMENT_TARGET = 8.1;
				MTL_ENABLE_DEBUG_INFO = NO;
				SDKROOT = iphoneos;
				VALIDATE_PRODUCT = YES;
			};
			name = Release;
		};
		BC40221A1AA6E5BC00FCDDA6 /* Debug */ = {
			isa = XCBuildConfiguration;
			buildSettings = {
				ASSETCATALOG_COMPILER_APPICON_NAME = AppIcon;
				INFOPLIST_FILE = "02 --kvc--kvo 设计模式/Info.plist";
				LD_RUNPATH_SEARCH_PATHS = "$(inherited) @executable_path/Frameworks";
				PRODUCT_NAME = "$(TARGET_NAME)";
			};
			name = Debug;
		};
		BC40221B1AA6E5BC00FCDDA6 /* Release */ = {
			isa = XCBuildConfiguration;
			buildSettings = {
				ASSETCATALOG_COMPILER_APPICON_NAME = AppIcon;
				INFOPLIST_FILE = "02 --kvc--kvo 设计模式/Info.plist";
				LD_RUNPATH_SEARCH_PATHS = "$(inherited) @executable_path/Frameworks";
				PRODUCT_NAME = "$(TARGET_NAME)";
			};
			name = Release;
		};
		BC40221D1AA6E5BC00FCDDA6 /* Debug */ = {
			isa = XCBuildConfiguration;
			buildSettings = {
				BUNDLE_LOADER = "$(TEST_HOST)";
				FRAMEWORK_SEARCH_PATHS = (
					"$(SDKROOT)/Developer/Library/Frameworks",
					"$(inherited)",
				);
				GCC_PREPROCESSOR_DEFINITIONS = (
					"DEBUG=1",
					"$(inherited)",
				);
				INFOPLIST_FILE = "02 --kvc--kvo 设计模式Tests/Info.plist";
				LD_RUNPATH_SEARCH_PATHS = "$(inherited) @executable_path/Frameworks @loader_path/Frameworks";
				PRODUCT_NAME = "$(TARGET_NAME)";
				TEST_HOST = "$(BUILT_PRODUCTS_DIR)/02 --kvc--kvo 设计模式.app/02 --kvc--kvo 设计模式";
			};
			name = Debug;
		};
		BC40221E1AA6E5BC00FCDDA6 /* Release */ = {
			isa = XCBuildConfiguration;
			buildSettings = {
				BUNDLE_LOADER = "$(TEST_HOST)";
				FRAMEWORK_SEARCH_PATHS = (
					"$(SDKROOT)/Developer/Library/Frameworks",
					"$(inherited)",
				);
				INFOPLIST_FILE = "02 --kvc--kvo 设计模式Tests/Info.plist";
				LD_RUNPATH_SEARCH_PATHS = "$(inherited) @executable_path/Frameworks @loader_path/Frameworks";
				PRODUCT_NAME = "$(TARGET_NAME)";
				TEST_HOST = "$(BUILT_PRODUCTS_DIR)/02 --kvc--kvo 设计模式.app/02 --kvc--kvo 设计模式";
			};
			name = Release;
		};
/* End XCBuildConfiguration section */

/* Begin XCConfigurationList section */
		BC4021F11AA6E5BB00FCDDA6 /* Build configuration list for PBXProject "02 --kvc--kvo 设计模式" */ = {
			isa = XCConfigurationList;
			buildConfigurations = (
				BC4022171AA6E5BC00FCDDA6 /* Debug */,
				BC4022181AA6E5BC00FCDDA6 /* Release */,
			);
			defaultConfigurationIsVisible = 0;
			defaultConfigurationName = Release;
		};
		BC4022191AA6E5BC00FCDDA6 /* Build configuration list for PBXNativeTarget "02 --kvc--kvo 设计模式" */ = {
			isa = XCConfigurationList;
			buildConfigurations = (
				BC40221A1AA6E5BC00FCDDA6 /* Debug */,
				BC40221B1AA6E5BC00FCDDA6 /* Release */,
			);
			defaultConfigurationIsVisible = 0;
		};
		BC40221C1AA6E5BC00FCDDA6 /* Build configuration list for PBXNativeTarget "02 --kvc--kvo 设计模式Tests" */ = {
			isa = XCConfigurationList;
			buildConfigurations = (
				BC40221D1AA6E5BC00FCDDA6 /* Debug */,
				BC40221E1AA6E5BC00FCDDA6 /* Release */,
			);
			defaultConfigurationIsVisible = 0;
		};
/* End XCConfigurationList section */
	};
	rootObject = BC4021EE1AA6E5BB00FCDDA6 /* Project object */;
}
